{
    "_readme": [
        "This file locks the dependencies of your project to a known state",
        "Read more about it at https://getcomposer.org/doc/01-basic-usage.md#installing-dependencies",
        "This file is @generated automatically"
    ],
    "content-hash": "af85c218a4289e14cbbad6767cee226d",
    "packages": [
        {
            "name": "wpackio/enqueue",
            "version": "1.5.0",
            "source": {
                "type": "git",
                "url": "https://github.com/swashata/wpackio-enqueue.git",
                "reference": "c5da57d83a137ef4a335b4a332026ff7ab25f55e"
            },
            "dist": {
                "type": "zip",
                "url": "https://api.github.com/repos/swashata/wpackio-enqueue/zipball/c5da57d83a137ef4a335b4a332026ff7ab25f55e",
                "reference": "c5da57d83a137ef4a335b4a332026ff7ab25f55e",
                "shasum": ""
            },
            "require-dev": {
                "brain/monkey": "^2.2.0",
                "dealerdirect/phpcodesniffer-composer-installer": "^0.4.4",
                "giacocorsiglia/wordpress-stubs": "^4.9.5",
                "phpunit/phpunit": "^7.3.0",
                "spatie/phpunit-snapshot-assertions": "^1.3.1",
                "squizlabs/php_codesniffer": "^3.3.1",
                "wimg/php-compatibility": "^8.2.0",
                "wp-coding-standards/wpcs": "^1.0.0"
            },
            "type": "library",
            "autoload": {
                "psr-4": {
                    "WPackio\\": "inc"
                }
            },
            "notification-url": "https://packagist.org/downloads/",
            "license": [
                "MIT"
            ],
            "authors": [
                {
                    "name": "Swashata Ghosh",
                    "email": "swashata4u@gmail.com"
                }
            ],
            "description": "API to enqueue assets generated by @wpackio/scripts into your WordPress plugin or theme.",
            "time": "2018-12-30T16:21:13+00:00"
        }
    ],
    "packages-dev": [],
    "aliases": [],
    "minimum-stability": "stable",
    "stability-flags": [],
    "prefer-stable": false,
    "prefer-lowest": false,
    "platform": [],
    "platform-dev": []
}
